
Microsoft Visual Studio Solution File, Format Version 12.00
# Visual Studio Version 16
VisualStudioVersion = 16.0.29209.62
MinimumVisualStudioVersion = 10.0.40219.1
Project("{9A19103F-16F7-4668-BE54-9A1E7A4F7556}") = "StreamConsumerLambda", "StreamConsumerLambda\StreamConsumerLambda.csproj", "{4757E924-0287-4342-BFDA-EA0EA91E15F1}"
EndProject
Global
	GlobalSection(SolutionConfigurationPlatforms) = preSolution
		Debug|Any CPU = Debug|Any CPU
		Release|Any CPU = Release|Any CPU
	EndGlobalSection
	GlobalSection(ProjectConfigurationPlatforms) = postSolution
		{4757E924-0287-4342-BFDA-EA0EA91E15F1}.Debug|Any CPU.ActiveCfg = Debug|Any CPU
		{4757E924-0287-4342-BFDA-EA0EA91E15F1}.Debug|Any CPU.Build.0 = Debug|Any CPU
		{4757E924-0287-4342-BFDA-EA0EA91E15F1}.Release|Any CPU.ActiveCfg = Release|Any CPU
		{4757E924-0287-4342-BFDA-EA0EA91E15F1}.Release|Any CPU.Build.0 = Release|Any CPU
	EndGlobalSection
	GlobalSection(SolutionProperties) = preSolution
		HideSolutionNode = FALSE
	EndGlobalSection
	GlobalSection(ExtensibilityGlobals) = postSolution
		SolutionGuid = {ACDB3F5E-7854-4536-B349-568A3AA09DD3}
	EndGlobalSection
EndGlobal
